
Microsoft Visual Studio Solution File, Format Version 12.00
# Visual Studio 15
VisualStudioVersion = 15.0.28010.2046
MinimumVisualStudioVersion = 10.0.40219.1
Project("{FAE04EC0-301F-11D3-BF4B-00C04F79EFBC}") = "KCKGameWPF", "KCKGameWPF\KCKGameWPF.csproj", "{47D17932-DDE5-4755-8C4B-53A4FB5B2896}"
EndProject
Project("{FAE04EC0-301F-11D3-BF4B-00C04F79EFBC}") = "KCKGame", "..\..\Source\Repos\KCKGame\KCKGame\KCKGame.csproj", "{EF6B487C-B37C-466B-88D3-28389DD59EB5}"
EndProject
Global
	GlobalSection(SolutionConfigurationPlatforms) = preSolution
		Debug|Any CPU = Debug|Any CPU
		Release|Any CPU = Release|Any CPU
	EndGlobalSection
	GlobalSection(ProjectConfigurationPlatforms) = postSolution
		{47D17932-DDE5-4755-8C4B-53A4FB5B2896}.Debug|Any CPU.ActiveCfg = Debug|Any CPU
		{47D17932-DDE5-4755-8C4B-53A4FB5B2896}.Debug|Any CPU.Build.0 = Debug|Any CPU
		{47D17932-DDE5-4755-8C4B-53A4FB5B2896}.Release|Any CPU.ActiveCfg = Release|Any CPU
		{47D17932-DDE5-4755-8C4B-53A4FB5B2896}.Release|Any CPU.Build.0 = Release|Any CPU
		{EF6B487C-B37C-466B-88D3-28389DD59EB5}.Debug|Any CPU.ActiveCfg = Debug|Any CPU
		{EF6B487C-B37C-466B-88D3-28389DD59EB5}.Debug|Any CPU.Build.0 = Debug|Any CPU
		{EF6B487C-B37C-466B-88D3-28389DD59EB5}.Release|Any CPU.ActiveCfg = Release|Any CPU
		{EF6B487C-B37C-466B-88D3-28389DD59EB5}.Release|Any CPU.Build.0 = Release|Any CPU
	EndGlobalSection
	GlobalSection(SolutionProperties) = preSolution
		HideSolutionNode = FALSE
	EndGlobalSection
	GlobalSection(ExtensibilityGlobals) = postSolution
		SolutionGuid = {8B438BA2-A68D-4A60-8C35-98F3254C1AD8}
	EndGlobalSection
EndGlobal
